
Microsoft Visual Studio Solution File, Format Version 12.00
# Visual Studio Version 16
VisualStudioVersion = 16.0.29728.190
MinimumVisualStudioVersion = 10.0.40219.1
Project("{9A19103F-16F7-4668-BE54-9A1E7A4F7556}") = "BinaryTree", "BinaryTree\BinaryTree.csproj", "{6EA0D67C-DC2B-40FC-926C-96C4ADD39B9A}"
EndProject
Project("{9A19103F-16F7-4668-BE54-9A1E7A4F7556}") = "SerializableContainerTests", "SerializableContainerTests\SerializableContainerTests.csproj", "{1DAFD982-E223-4FED-B3A2-67EB1CFF0040}"
EndProject
Project("{9A19103F-16F7-4668-BE54-9A1E7A4F7556}") = "SerializableContainer", "SerializableContainer\SerializableContainer.csproj", "{EB7840C4-AE9A-4F62-88EF-EAFD1FE81431}"
EndProject
Project("{9A19103F-16F7-4668-BE54-9A1E7A4F7556}") = "BinaryTreeTests", "BinaryTreeTests\BinaryTreeTests.csproj", "{8EC3E74C-B9AF-482B-9461-4DD413C7C75F}"
EndProject
Global
	GlobalSection(SolutionConfigurationPlatforms) = preSolution
		Debug|Any CPU = Debug|Any CPU
		Release|Any CPU = Release|Any CPU
	EndGlobalSection
	GlobalSection(ProjectConfigurationPlatforms) = postSolution
		{6EA0D67C-DC2B-40FC-926C-96C4ADD39B9A}.Debug|Any CPU.ActiveCfg = Debug|Any CPU
		{6EA0D67C-DC2B-40FC-926C-96C4ADD39B9A}.Debug|Any CPU.Build.0 = Debug|Any CPU
		{6EA0D67C-DC2B-40FC-926C-96C4ADD39B9A}.Release|Any CPU.ActiveCfg = Release|Any CPU
		{6EA0D67C-DC2B-40FC-926C-96C4ADD39B9A}.Release|Any CPU.Build.0 = Release|Any CPU
		{1DAFD982-E223-4FED-B3A2-67EB1CFF0040}.Debug|Any CPU.ActiveCfg = Debug|Any CPU
		{1DAFD982-E223-4FED-B3A2-67EB1CFF0040}.Debug|Any CPU.Build.0 = Debug|Any CPU
		{1DAFD982-E223-4FED-B3A2-67EB1CFF0040}.Release|Any CPU.ActiveCfg = Release|Any CPU
		{1DAFD982-E223-4FED-B3A2-67EB1CFF0040}.Release|Any CPU.Build.0 = Release|Any CPU
		{EB7840C4-AE9A-4F62-88EF-EAFD1FE81431}.Debug|Any CPU.ActiveCfg = Debug|Any CPU
		{EB7840C4-AE9A-4F62-88EF-EAFD1FE81431}.Debug|Any CPU.Build.0 = Debug|Any CPU
		{EB7840C4-AE9A-4F62-88EF-EAFD1FE81431}.Release|Any CPU.ActiveCfg = Release|Any CPU
		{EB7840C4-AE9A-4F62-88EF-EAFD1FE81431}.Release|Any CPU.Build.0 = Release|Any CPU
		{8EC3E74C-B9AF-482B-9461-4DD413C7C75F}.Debug|Any CPU.ActiveCfg = Debug|Any CPU
		{8EC3E74C-B9AF-482B-9461-4DD413C7C75F}.Debug|Any CPU.Build.0 = Debug|Any CPU
		{8EC3E74C-B9AF-482B-9461-4DD413C7C75F}.Release|Any CPU.ActiveCfg = Release|Any CPU
		{8EC3E74C-B9AF-482B-9461-4DD413C7C75F}.Release|Any CPU.Build.0 = Release|Any CPU
	EndGlobalSection
	GlobalSection(SolutionProperties) = preSolution
		HideSolutionNode = FALSE
	EndGlobalSection
	GlobalSection(ExtensibilityGlobals) = postSolution
		SolutionGuid = {4C38B658-B6D1-4C7F-87F0-0C53A6391DB2}
	EndGlobalSection
EndGlobal
