
Microsoft Visual Studio Solution File, Format Version 12.00
# Visual Studio Version 16
VisualStudioVersion = 16.0.29728.190
MinimumVisualStudioVersion = 10.0.40219.1
Project("{FAE04EC0-301F-11D3-BF4B-00C04F79EFBC}") = "Task1", "Task1\Task1.csproj", "{4B504AF0-BDCE-4E0F-BFC7-1DB5B93306C5}"
EndProject
Project("{FAE04EC0-301F-11D3-BF4B-00C04F79EFBC}") = "Task2", "Task2\Task2.csproj", "{61B6F042-3741-4614-8C03-1C8B7A3C8DB5}"
EndProject
Project("{FAE04EC0-301F-11D3-BF4B-00C04F79EFBC}") = "Task1Tests", "Task1Tests\Task1Tests.csproj", "{3411C1BD-B2B5-4403-8E78-272ADDA70B0A}"
EndProject
Project("{FAE04EC0-301F-11D3-BF4B-00C04F79EFBC}") = "Task2Tests", "Task2Tests\Task2Tests.csproj", "{EEBDDD1B-6AE7-4D08-B7E8-65F10DE2F83F}"
EndProject
Global
	GlobalSection(SolutionConfigurationPlatforms) = preSolution
		Debug|Any CPU = Debug|Any CPU
		Release|Any CPU = Release|Any CPU
	EndGlobalSection
	GlobalSection(ProjectConfigurationPlatforms) = postSolution
		{4B504AF0-BDCE-4E0F-BFC7-1DB5B93306C5}.Debug|Any CPU.ActiveCfg = Debug|Any CPU
		{4B504AF0-BDCE-4E0F-BFC7-1DB5B93306C5}.Debug|Any CPU.Build.0 = Debug|Any CPU
		{4B504AF0-BDCE-4E0F-BFC7-1DB5B93306C5}.Release|Any CPU.ActiveCfg = Release|Any CPU
		{4B504AF0-BDCE-4E0F-BFC7-1DB5B93306C5}.Release|Any CPU.Build.0 = Release|Any CPU
		{61B6F042-3741-4614-8C03-1C8B7A3C8DB5}.Debug|Any CPU.ActiveCfg = Debug|Any CPU
		{61B6F042-3741-4614-8C03-1C8B7A3C8DB5}.Debug|Any CPU.Build.0 = Debug|Any CPU
		{61B6F042-3741-4614-8C03-1C8B7A3C8DB5}.Release|Any CPU.ActiveCfg = Release|Any CPU
		{61B6F042-3741-4614-8C03-1C8B7A3C8DB5}.Release|Any CPU.Build.0 = Release|Any CPU
		{3411C1BD-B2B5-4403-8E78-272ADDA70B0A}.Debug|Any CPU.ActiveCfg = Debug|Any CPU
		{3411C1BD-B2B5-4403-8E78-272ADDA70B0A}.Debug|Any CPU.Build.0 = Debug|Any CPU
		{3411C1BD-B2B5-4403-8E78-272ADDA70B0A}.Release|Any CPU.ActiveCfg = Release|Any CPU
		{3411C1BD-B2B5-4403-8E78-272ADDA70B0A}.Release|Any CPU.Build.0 = Release|Any CPU
		{EEBDDD1B-6AE7-4D08-B7E8-65F10DE2F83F}.Debug|Any CPU.ActiveCfg = Debug|Any CPU
		{EEBDDD1B-6AE7-4D08-B7E8-65F10DE2F83F}.Debug|Any CPU.Build.0 = Debug|Any CPU
		{EEBDDD1B-6AE7-4D08-B7E8-65F10DE2F83F}.Release|Any CPU.ActiveCfg = Release|Any CPU
		{EEBDDD1B-6AE7-4D08-B7E8-65F10DE2F83F}.Release|Any CPU.Build.0 = Release|Any CPU
	EndGlobalSection
	GlobalSection(SolutionProperties) = preSolution
		HideSolutionNode = FALSE
	EndGlobalSection
	GlobalSection(ExtensibilityGlobals) = postSolution
		SolutionGuid = {0D3FAE32-FF4C-4460-8C8C-34905C0763E7}
	EndGlobalSection
EndGlobal
